schema: '2.0'
stages:
  preprocess:
    cmd: "python src/dvc_pipeline_demo/preprocess.py --train-dir data/raw/training_set/training_set
      --test-dir data/raw/test_set/test_set --output-dir data/preprocessed --num-train
      8 --num-test 4\n"
    params:
      params.yaml:
        preprocess:
          train_dir: data/raw/training_set/training_set
          test_dir: data/raw/test_set/test_set
          output_dir: data/preprocessed
          num_train: 8
          num_test: 4
    outs:
    - path: data/preprocessed
      hash: md5
      md5: ae40e91c96c2131e3d4574f0e274059f.dir
      size: 468943
      nfiles: 24
  train:
    cmd: "python src/dvc_pipeline_demo/train.py --train-dir data/preprocessed/train
      --output-dir models --num-epochs 3 --batch-size 2 --learning-rate 0.001 --num-workers
      -1 --device cpu\n"
    deps:
    - path: data/preprocessed
      hash: md5
      md5: ae40e91c96c2131e3d4574f0e274059f.dir
      size: 468943
      nfiles: 24
    - path: src/dvc_pipeline_demo/data.py
      hash: md5
      md5: fd200a2e5c0a22e028aa46b9c5917898
      size: 5309
    - path: src/dvc_pipeline_demo/model_arch.py
      hash: md5
      md5: b051d20ee134f205d3bd51e4a39cc603
      size: 2053
    - path: src/dvc_pipeline_demo/train.py
      hash: md5
      md5: bedfffa058513424a2f845a6e762e7e0
      size: 14121
    params:
      params.yaml:
        preprocess:
          train_dir: data/raw/training_set/training_set
          test_dir: data/raw/test_set/test_set
          output_dir: data/preprocessed
          num_train: 8
          num_test: 4
        train:
          output_dir: models
          epochs: 3
          batch_size: 2
          learning_rate: 0.001
          num_workers: -1
          device: cpu
    outs:
    - path: models/artifacts
      hash: md5
      md5: 9bf5fff698e8bdbe6ab12119c74d631b.dir
      size: 79541
      nfiles: 1
    - path: models/model.pth
      hash: md5
      md5: 48090f4867eadee266dee7d27cfd960c
      size: 6260053
  eval:
    cmd: "python src/dvc_pipeline_demo/evaluate.py --model-path models/model.pth --num-workers
      -1 --test-dir data/preprocessed/test --output-dir eval-artifacts\n"
    deps:
    - path: data/preprocessed/test
      hash: md5
      md5: 86a09f57be8e088936bd79ed4c030165.dir
      size: 151078
      nfiles: 8
    - path: models/model.pth
      hash: md5
      md5: 48090f4867eadee266dee7d27cfd960c
      size: 6260053
    - path: src/dvc_pipeline_demo/data.py
      hash: md5
      md5: fd200a2e5c0a22e028aa46b9c5917898
      size: 5309
    - path: src/dvc_pipeline_demo/evaluate.py
      hash: md5
      md5: 6cce5f45af1b479645a733f353078e5f
      size: 5633
    - path: src/dvc_pipeline_demo/metrics.py
      hash: md5
      md5: a4d0b3a07619378c2f985506d10bb169
      size: 10978
    params:
      params.yaml:
        eval:
          output_dir: eval-artifacts
          num_workers: -1
    outs:
    - path: eval-artifacts
      hash: md5
      md5: f6f610685053eb2a15ed54f467c0adbe.dir
      size: 73320
      nfiles: 2
